
Microsoft Visual Studio Solution File, Format Version 12.00
# Visual Studio Version 17
VisualStudioVersion = 17.4.33103.184
MinimumVisualStudioVersion = 10.0.40219.1
Project("{FAE04EC0-301F-11D3-BF4B-00C04F79EFBC}") = "BankAccount", "BankAccount.csproj", "{5659AA98-D16A-4F70-BD21-675761C74F75}"
EndProject
Global
	GlobalSection(SolutionConfigurationPlatforms) = preSolution
		Debug|Any CPU = Debug|Any CPU
		Release|Any CPU = Release|Any CPU
	EndGlobalSection
	GlobalSection(ProjectConfigurationPlatforms) = postSolution
		{5659AA98-D16A-4F70-BD21-675761C74F75}.Debug|Any CPU.ActiveCfg = Debug|Any CPU
		{5659AA98-D16A-4F70-BD21-675761C74F75}.Debug|Any CPU.Build.0 = Debug|Any CPU
		{5659AA98-D16A-4F70-BD21-675761C74F75}.Release|Any CPU.ActiveCfg = Release|Any CPU
		{5659AA98-D16A-4F70-BD21-675761C74F75}.Release|Any CPU.Build.0 = Release|Any CPU
	EndGlobalSection
	GlobalSection(SolutionProperties) = preSolution
		HideSolutionNode = FALSE
	EndGlobalSection
	GlobalSection(ExtensibilityGlobals) = postSolution
		SolutionGuid = {B4C6F539-DAF9-4C01-9CEA-9FE20E554403}
	EndGlobalSection
EndGlobal
